// !$*UTF8*$!
{
	archiveVersion = 1;
	classes = {
	};
	objectVersion = 50;
	objects = {

/* Begin PBXBuildFile section */
		CD2E65D823FC07180084E880 /* citylist.json in Resources */ = {isa = PBXBuildFile; fileRef = CD2E65D723FC07180084E880 /* citylist.json */; };
		CD2E65E423FFED060084E880 /* JsonFunction.swift in Sources */ = {isa = PBXBuildFile; fileRef = CD2E65E323FFED060084E880 /* JsonFunction.swift */; };
		CD319CDC23E82B12005DA5C3 /* AppDelegate.swift in Sources */ = {isa = PBXBuildFile; fileRef = CD319CDB23E82B12005DA5C3 /* AppDelegate.swift */; };
		CD319CDE23E82B12005DA5C3 /* SceneDelegate.swift in Sources */ = {isa = PBXBuildFile; fileRef = CD319CDD23E82B12005DA5C3 /* SceneDelegate.swift */; };
		CD319CE023E82B12005DA5C3 /* ViewController.swift in Sources */ = {isa = PBXBuildFile; fileRef = CD319CDF23E82B12005DA5C3 /* ViewController.swift */; };
		CD319CE323E82B12005DA5C3 /* Main.storyboard in Resources */ = {isa = PBXBuildFile; fileRef = CD319CE123E82B12005DA5C3 /* Main.storyboard */; };
		CD319CE523E82B16005DA5C3 /* Assets.xcassets in Resources */ = {isa = PBXBuildFile; fileRef = CD319CE423E82B16005DA5C3 /* Assets.xcassets */; };
		CD319CE823E82B16005DA5C3 /* LaunchScreen.storyboard in Resources */ = {isa = PBXBuildFile; fileRef = CD319CE623E82B16005DA5C3 /* LaunchScreen.storyboard */; };
		CD319CF223E9CAF1005DA5C3 /* weatherAPI.swift in Sources */ = {isa = PBXBuildFile; fileRef = CD319CF123E9CAF1005DA5C3 /* weatherAPI.swift */; };
		CD32D98123F2D624006E86DA /* DetailViewController.swift in Sources */ = {isa = PBXBuildFile; fileRef = CD32D98023F2D624006E86DA /* DetailViewController.swift */; };
		CD32D98523F49844006E86DA /* Weather.swift in Sources */ = {isa = PBXBuildFile; fileRef = CD32D98423F49844006E86DA /* Weather.swift */; };
		CDD72EE423FAEE6D00F3B038 /* CustomTableViewCell.swift in Sources */ = {isa = PBXBuildFile; fileRef = CDD72EE323FAEE6D00F3B038 /* CustomTableViewCell.swift */; };
/* End PBXBuildFile section */

/* Begin PBXFileReference section */
		CD2E65D723FC07180084E880 /* citylist.json */ = {isa = PBXFileReference; fileEncoding = 4; lastKnownFileType = text.json; path = citylist.json; sourceTree = "<group>"; };
		CD2E65E323FFED060084E880 /* JsonFunction.swift */ = {isa = PBXFileReference; lastKnownFileType = sourcecode.swift; path = JsonFunction.swift; sourceTree = "<group>"; };
		CD319CD823E82B12005DA5C3 /* Labb1WheaterApp.app */ = {isa = PBXFileReference; explicitFileType = wrapper.application; includeInIndex = 0; path = Labb1WheaterApp.app; sourceTree = BUILT_PRODUCTS_DIR; };
		CD319CDB23E82B12005DA5C3 /* AppDelegate.swift */ = {isa = PBXFileReference; lastKnownFileType = sourcecode.swift; path = AppDelegate.swift; sourceTree = "<group>"; };
		CD319CDD23E82B12005DA5C3 /* SceneDelegate.swift */ = {isa = PBXFileReference; lastKnownFileType = sourcecode.swift; path = SceneDelegate.swift; sourceTree = "<group>"; };
		CD319CDF23E82B12005DA5C3 /* ViewController.swift */ = {isa = PBXFileReference; lastKnownFileType = sourcecode.swift; path = ViewController.swift; sourceTree = "<group>"; };
		CD319CE223E82B12005DA5C3 /* Base */ = {isa = PBXFileReference; lastKnownFileType = file.storyboard; name = Base; path = Base.lproj/Main.storyboard; sourceTree = "<group>"; };
		CD319CE423E82B16005DA5C3 /* Assets.xcassets */ = {isa = PBXFileReference; lastKnownFileType = folder.assetcatalog; path = Assets.xcassets; sourceTree = "<group>"; };
		CD319CE723E82B16005DA5C3 /* Base */ = {isa = PBXFileReference; lastKnownFileType = file.storyboard; name = Base; path = Base.lproj/LaunchScreen.storyboard; sourceTree = "<group>"; };
		CD319CE923E82B16005DA5C3 /* Info.plist */ = {isa = PBXFileReference; lastKnownFileType = text.plist.xml; path = Info.plist; sourceTree = "<group>"; };
		CD319CF123E9CAF1005DA5C3 /* weatherAPI.swift */ = {isa = PBXFileReference; lastKnownFileType = sourcecode.swift; path = weatherAPI.swift; sourceTree = "<group>"; };
		CD32D98023F2D624006E86DA /* DetailViewController.swift */ = {isa = PBXFileReference; lastKnownFileType = sourcecode.swift; path = DetailViewController.swift; sourceTree = "<group>"; };
		CD32D98423F49844006E86DA /* Weather.swift */ = {isa = PBXFileReference; lastKnownFileType = sourcecode.swift; path = Weather.swift; sourceTree = "<group>"; };
		CDD72EE323FAEE6D00F3B038 /* CustomTableViewCell.swift */ = {isa = PBXFileReference; lastKnownFileType = sourcecode.swift; path = CustomTableViewCell.swift; sourceTree = "<group>"; };
/* End PBXFileReference section */

/* Begin PBXFrameworksBuildPhase section */
		CD319CD523E82B12005DA5C3 /* Frameworks */ = {
			isa = PBXFrameworksBuildPhase;
			buildActionMask = 2147483647;
			files = (
			);
			runOnlyForDeploymentPostprocessing = 0;
		};
/* End PBXFrameworksBuildPhase section */

/* Begin PBXGroup section */
		CD319CCF23E82B12005DA5C3 = {
			isa = PBXGroup;
			children = (
				CD319CDA23E82B12005DA5C3 /* Labb1WheaterApp */,
				CD319CD923E82B12005DA5C3 /* Products */,
			);
			sourceTree = "<group>";
		};
		CD319CD923E82B12005DA5C3 /* Products */ = {
			isa = PBXGroup;
			children = (
				CD319CD823E82B12005DA5C3 /* Labb1WheaterApp.app */,
			);
			name = Products;
			sourceTree = "<group>";
		};
		CD319CDA23E82B12005DA5C3 /* Labb1WheaterApp */ = {
			isa = PBXGroup;
			children = (
				CD2E65D723FC07180084E880 /* citylist.json */,
				CD2E65E323FFED060084E880 /* JsonFunction.swift */,
				CD319CDB23E82B12005DA5C3 /* AppDelegate.swift */,
				CD319CDD23E82B12005DA5C3 /* SceneDelegate.swift */,
				CD32D98023F2D624006E86DA /* DetailViewController.swift */,
				CD319CDF23E82B12005DA5C3 /* ViewController.swift */,
				CD319CE123E82B12005DA5C3 /* Main.storyboard */,
				CDD72EE323FAEE6D00F3B038 /* CustomTableViewCell.swift */,
				CD319CE423E82B16005DA5C3 /* Assets.xcassets */,
				CD319CE623E82B16005DA5C3 /* LaunchScreen.storyboard */,
				CD319CE923E82B16005DA5C3 /* Info.plist */,
				CD319CF123E9CAF1005DA5C3 /* weatherAPI.swift */,
				CD32D98423F49844006E86DA /* Weather.swift */,
			);
			path = Labb1WheaterApp;
			sourceTree = "<group>";
		};
/* End PBXGroup section */

/* Begin PBXNativeTarget section */
		CD319CD723E82B12005DA5C3 /* Labb1WheaterApp */ = {
			isa = PBXNativeTarget;
			buildConfigurationList = CD319CEC23E82B16005DA5C3 /* Build configuration list for PBXNativeTarget "Labb1WheaterApp" */;
			buildPhases = (
				CD319CD423E82B12005DA5C3 /* Sources */,
				CD319CD523E82B12005DA5C3 /* Frameworks */,
				CD319CD623E82B12005DA5C3 /* Resources */,
			);
			buildRules = (
			);
			dependencies = (
			);
			name = Labb1WheaterApp;
			productName = Labb1WheaterApp;
			productReference = CD319CD823E82B12005DA5C3 /* Labb1WheaterApp.app */;
			productType = "com.apple.product-type.application";
		};
/* End PBXNativeTarget section */

/* Begin PBXProject section */
		CD319CD023E82B12005DA5C3 /* Project object */ = {
			isa = PBXProject;
			attributes = {
				LastSwiftUpdateCheck = 1130;
				LastUpgradeCheck = 1130;
				ORGANIZATIONNAME = "Marcus Klaesson";
				TargetAttributes = {
					CD319CD723E82B12005DA5C3 = {
						CreatedOnToolsVersion = 11.3.1;
					};
				};
			};
			buildConfigurationList = CD319CD323E82B12005DA5C3 /* Build configuration list for PBXProject "Labb1WheaterApp" */;
			compatibilityVersion = "Xcode 9.3";
			developmentRegion = en;
			hasScannedForEncodings = 0;
			knownRegions = (
				en,
				Base,
			);
			mainGroup = CD319CCF23E82B12005DA5C3;
			productRefGroup = CD319CD923E82B12005DA5C3 /* Products */;
			projectDirPath = "";
			projectRoot = "";
			targets = (
				CD319CD723E82B12005DA5C3 /* Labb1WheaterApp */,
			);
		};
/* End PBXProject section */

/* Begin PBXResourcesBuildPhase section */
		CD319CD623E82B12005DA5C3 /* Resources */ = {
			isa = PBXResourcesBuildPhase;
			buildActionMask = 2147483647;
			files = (
				CD319CE823E82B16005DA5C3 /* LaunchScreen.storyboard in Resources */,
				CD319CE523E82B16005DA5C3 /* Assets.xcassets in Resources */,
				CD2E65D823FC07180084E880 /* citylist.json in Resources */,
				CD319CE323E82B12005DA5C3 /* Main.storyboard in Resources */,
			);
			runOnlyForDeploymentPostprocessing = 0;
		};
/* End PBXResourcesBuildPhase section */

/* Begin PBXSourcesBuildPhase section */
		CD319CD423E82B12005DA5C3 /* Sources */ = {
			isa = PBXSourcesBuildPhase;
			buildActionMask = 2147483647;
			files = (
				CD32D98523F49844006E86DA /* Weather.swift in Sources */,
				CD319CE023E82B12005DA5C3 /* ViewController.swift in Sources */,
				CD319CDC23E82B12005DA5C3 /* AppDelegate.swift in Sources */,
				CD2E65E423FFED060084E880 /* JsonFunction.swift in Sources */,
				CDD72EE423FAEE6D00F3B038 /* CustomTableViewCell.swift in Sources */,
				CD319CF223E9CAF1005DA5C3 /* weatherAPI.swift in Sources */,
				CD319CDE23E82B12005DA5C3 /* SceneDelegate.swift in Sources */,
				CD32D98123F2D624006E86DA /* DetailViewController.swift in Sources */,
			);
			runOnlyForDeploymentPostprocessing = 0;
		};
/* End PBXSourcesBuildPhase section */

/* Begin PBXVariantGroup section */
		CD319CE123E82B12005DA5C3 /* Main.storyboard */ = {
			isa = PBXVariantGroup;
			children = (
				CD319CE223E82B12005DA5C3 /* Base */,
			);
			name = Main.storyboard;
			sourceTree = "<group>";
		};
		CD319CE623E82B16005DA5C3 /* LaunchScreen.storyboard */ = {
			isa = PBXVariantGroup;
			children = (
				CD319CE723E82B16005DA5C3 /* Base */,
			);
			name = LaunchScreen.storyboard;
			sourceTree = "<group>";
		};
/* End PBXVariantGroup section */

/* Begin XCBuildConfiguration section */
		CD319CEA23E82B16005DA5C3 /* Debug */ = {
			isa = XCBuildConfiguration;
			buildSettings = {
				ALWAYS_SEARCH_USER_PATHS = NO;
				CLANG_ANALYZER_NONNULL = YES;
				CLANG_ANALYZER_NUMBER_OBJECT_CONVERSION = YES_AGGRESSIVE;
				CLANG_CXX_LANGUAGE_STANDARD = "gnu++14";
				CLANG_CXX_LIBRARY = "libc++";
				CLANG_ENABLE_MODULES = YES;
				CLANG_ENABLE_OBJC_ARC = YES;
				CLANG_ENABLE_OBJC_WEAK = YES;
				CLANG_WARN_BLOCK_CAPTURE_AUTORELEASING = YES;
				CLANG_WARN_BOOL_CONVERSION = YES;
				CLANG_WARN_COMMA = YES;
				CLANG_WARN_CONSTANT_CONVERSION = YES;
				CLANG_WARN_DEPRECATED_OBJC_IMPLEMENTATIONS = YES;
				CLANG_WARN_DIRECT_OBJC_ISA_USAGE = YES_ERROR;
				CLANG_WARN_DOCUMENTATION_COMMENTS = YES;
				CLANG_WARN_EMPTY_BODY = YES;
				CLANG_WARN_ENUM_CONVERSION = YES;
				CLANG_WARN_INFINITE_RECURSION = YES;
				CLANG_WARN_INT_CONVERSION = YES;
				CLANG_WARN_NON_LITERAL_NULL_CONVERSION = YES;
				CLANG_WARN_OBJC_IMPLICIT_RETAIN_SELF = YES;
				CLANG_WARN_OBJC_LITERAL_CONVERSION = YES;
				CLANG_WARN_OBJC_ROOT_CLASS = YES_ERROR;
				CLANG_WARN_RANGE_LOOP_ANALYSIS = YES;
				CLANG_WARN_STRICT_PROTOTYPES = YES;
				CLANG_WARN_SUSPICIOUS_MOVE = YES;
				CLANG_WARN_UNGUARDED_AVAILABILITY = YES_AGGRESSIVE;
				CLANG_WARN_UNREACHABLE_CODE = YES;
				CLANG_WARN__DUPLICATE_METHOD_MATCH = YES;
				COPY_PHASE_STRIP = NO;
				DEBUG_INFORMATION_FORMAT = dwarf;
				ENABLE_STRICT_OBJC_MSGSEND = YES;
				ENABLE_TESTABILITY = YES;
				GCC_C_LANGUAGE_STANDARD = gnu11;
				GCC_DYNAMIC_NO_PIC = NO;
				GCC_NO_COMMON_BLOCKS = YES;
				GCC_OPTIMIZATION_LEVEL = 0;
				GCC_PREPROCESSOR_DEFINITIONS = (
					"DEBUG=1",
					"$(inherited)",
				);
				GCC_WARN_64_TO_32_BIT_CONVERSION = YES;
				GCC_WARN_ABOUT_RETURN_TYPE = YES_ERROR;
				GCC_WARN_UNDECLARED_SELECTOR = YES;
				GCC_WARN_UNINITIALIZED_AUTOS = YES_AGGRESSIVE;
				GCC_WARN_UNUSED_FUNCTION = YES;
				GCC_WARN_UNUSED_VARIABLE = YES;
				IPHONEOS_DEPLOYMENT_TARGET = 13.2;
				MTL_ENABLE_DEBUG_INFO = INCLUDE_SOURCE;
				MTL_FAST_MATH = YES;
				ONLY_ACTIVE_ARCH = YES;
				SDKROOT = iphoneos;
				SWIFT_ACTIVE_COMPILATION_CONDITIONS = DEBUG;
				SWIFT_OPTIMIZATION_LEVEL = "-Onone";
			};
			name = Debug;
		};
		CD319CEB23E82B16005DA5C3 /* Release */ = {
			isa = XCBuildConfiguration;
			buildSettings = {
				ALWAYS_SEARCH_USER_PATHS = NO;
				CLANG_ANALYZER_NONNULL = YES;
				CLANG_ANALYZER_NUMBER_OBJECT_CONVERSION = YES_AGGRESSIVE;
				CLANG_CXX_LANGUAGE_STANDARD = "gnu++14";
				CLANG_CXX_LIBRARY = "libc++";
				CLANG_ENABLE_MODULES = YES;
				CLANG_ENABLE_OBJC_ARC = YES;
				CLANG_ENABLE_OBJC_WEAK = YES;
				CLANG_WARN_BLOCK_CAPTURE_AUTORELEASING = YES;
				CLANG_WARN_BOOL_CONVERSION = YES;
				CLANG_WARN_COMMA = YES;
				CLANG_WARN_CONSTANT_CONVERSION = YES;
				CLANG_WARN_DEPRECATED_OBJC_IMPLEMENTATIONS = YES;
				CLANG_WARN_DIRECT_OBJC_ISA_USAGE = YES_ERROR;
				CLANG_WARN_DOCUMENTATION_COMMENTS = YES;
				CLANG_WARN_EMPTY_BODY = YES;
				CLANG_WARN_ENUM_CONVERSION = YES;
				CLANG_WARN_INFINITE_RECURSION = YES;
				CLANG_WARN_INT_CONVERSION = YES;
				CLANG_WARN_NON_LITERAL_NULL_CONVERSION = YES;
				CLANG_WARN_OBJC_IMPLICIT_RETAIN_SELF = YES;
				CLANG_WARN_OBJC_LITERAL_CONVERSION = YES;
				CLANG_WARN_OBJC_ROOT_CLASS = YES_ERROR;
				CLANG_WARN_RANGE_LOOP_ANALYSIS = YES;
				CLANG_WARN_STRICT_PROTOTYPES = YES;
				CLANG_WARN_SUSPICIOUS_MOVE = YES;
				CLANG_WARN_UNGUARDED_AVAILABILITY = YES_AGGRESSIVE;
				CLANG_WARN_UNREACHABLE_CODE = YES;
				CLANG_WARN__DUPLICATE_METHOD_MATCH = YES;
				COPY_PHASE_STRIP = NO;
				DEBUG_INFORMATION_FORMAT = "dwarf-with-dsym";
				ENABLE_NS_ASSERTIONS = NO;
				ENABLE_STRICT_OBJC_MSGSEND = YES;
				GCC_C_LANGUAGE_STANDARD = gnu11;
				GCC_NO_COMMON_BLOCKS = YES;
				GCC_WARN_64_TO_32_BIT_CONVERSION = YES;
				GCC_WARN_ABOUT_RETURN_TYPE = YES_ERROR;
				GCC_WARN_UNDECLARED_SELECTOR = YES;
				GCC_WARN_UNINITIALIZED_AUTOS = YES_AGGRESSIVE;
				GCC_WARN_UNUSED_FUNCTION = YES;
				GCC_WARN_UNUSED_VARIABLE = YES;
				IPHONEOS_DEPLOYMENT_TARGET = 13.2;
				MTL_ENABLE_DEBUG_INFO = NO;
				MTL_FAST_MATH = YES;
				SDKROOT = iphoneos;
				SWIFT_COMPILATION_MODE = wholemodule;
				SWIFT_OPTIMIZATION_LEVEL = "-O";
				VALIDATE_PRODUCT = YES;
			};
			name = Release;
		};
		CD319CED23E82B16005DA5C3 /* Debug */ = {
			isa = XCBuildConfiguration;
			buildSettings = {
				ASSETCATALOG_COMPILER_APPICON_NAME = AppIcon;
				CODE_SIGN_STYLE = Automatic;
				INFOPLIST_FILE = Labb1WheaterApp/Info.plist;
				LD_RUNPATH_SEARCH_PATHS = (
					"$(inherited)",
					"@executable_path/Frameworks",
				);
				PRODUCT_BUNDLE_IDENTIFIER = MK.Labb1WheaterApp;
				PRODUCT_NAME = "$(TARGET_NAME)";
				SWIFT_VERSION = 5.0;
				TARGETED_DEVICE_FAMILY = "1,2";
			};
			name = Debug;
		};
		CD319CEE23E82B16005DA5C3 /* Release */ = {
			isa = XCBuildConfiguration;
			buildSettings = {
				ASSETCATALOG_COMPILER_APPICON_NAME = AppIcon;
				CODE_SIGN_STYLE = Automatic;
				INFOPLIST_FILE = Labb1WheaterApp/Info.plist;
				LD_RUNPATH_SEARCH_PATHS = (
					"$(inherited)",
					"@executable_path/Frameworks",
				);
				PRODUCT_BUNDLE_IDENTIFIER = MK.Labb1WheaterApp;
				PRODUCT_NAME = "$(TARGET_NAME)";
				SWIFT_VERSION = 5.0;
				TARGETED_DEVICE_FAMILY = "1,2";
			};
			name = Release;
		};
/* End XCBuildConfiguration section */

/* Begin XCConfigurationList section */
		CD319CD323E82B12005DA5C3 /* Build configuration list for PBXProject "Labb1WheaterApp" */ = {
			isa = XCConfigurationList;
			buildConfigurations = (
				CD319CEA23E82B16005DA5C3 /* Debug */,
				CD319CEB23E82B16005DA5C3 /* Release */,
			);
			defaultConfigurationIsVisible = 0;
			defaultConfigurationName = Release;
		};
		CD319CEC23E82B16005DA5C3 /* Build configuration list for PBXNativeTarget "Labb1WheaterApp" */ = {
			isa = XCConfigurationList;
			buildConfigurations = (
				CD319CED23E82B16005DA5C3 /* Debug */,
				CD319CEE23E82B16005DA5C3 /* Release */,
			);
			defaultConfigurationIsVisible = 0;
			defaultConfigurationName = Release;
		};
/* End XCConfigurationList section */
	};
	rootObject = CD319CD023E82B12005DA5C3 /* Project object */;
}
